
Microsoft Visual Studio Solution File, Format Version 12.00
# Visual Studio 15
VisualStudioVersion = 15.0.27130.2020
MinimumVisualStudioVersion = 10.0.40219.1
Project("{FAE04EC0-301F-11D3-BF4B-00C04F79EFBC}") = "C4uServices", "C4uServices\C4uServices.csproj", "{AF57A170-3471-4F7A-A79F-DC98C3B7B42E}"
EndProject
Project("{FAE04EC0-301F-11D3-BF4B-00C04F79EFBC}") = "C4u.Library", "C4u.Library\C4u.Library.csproj", "{16E8A1DD-C4AF-4C18-A72E-898C5FA60396}"
EndProject
Project("{FAE04EC0-301F-11D3-BF4B-00C04F79EFBC}") = "C4u.Data", "C4u.Data\C4u.Data.csproj", "{E7BBB40D-C925-4F00-A1C2-E667D07426EC}"
EndProject
Global
	GlobalSection(SolutionConfigurationPlatforms) = preSolution
		Debug|Any CPU = Debug|Any CPU
		Release|Any CPU = Release|Any CPU
	EndGlobalSection
	GlobalSection(ProjectConfigurationPlatforms) = postSolution
		{AF57A170-3471-4F7A-A79F-DC98C3B7B42E}.Debug|Any CPU.ActiveCfg = Debug|Any CPU
		{AF57A170-3471-4F7A-A79F-DC98C3B7B42E}.Debug|Any CPU.Build.0 = Debug|Any CPU
		{AF57A170-3471-4F7A-A79F-DC98C3B7B42E}.Release|Any CPU.ActiveCfg = Release|Any CPU
		{AF57A170-3471-4F7A-A79F-DC98C3B7B42E}.Release|Any CPU.Build.0 = Release|Any CPU
		{16E8A1DD-C4AF-4C18-A72E-898C5FA60396}.Debug|Any CPU.ActiveCfg = Debug|Any CPU
		{16E8A1DD-C4AF-4C18-A72E-898C5FA60396}.Debug|Any CPU.Build.0 = Debug|Any CPU
		{16E8A1DD-C4AF-4C18-A72E-898C5FA60396}.Release|Any CPU.ActiveCfg = Release|Any CPU
		{16E8A1DD-C4AF-4C18-A72E-898C5FA60396}.Release|Any CPU.Build.0 = Release|Any CPU
		{E7BBB40D-C925-4F00-A1C2-E667D07426EC}.Debug|Any CPU.ActiveCfg = Debug|Any CPU
		{E7BBB40D-C925-4F00-A1C2-E667D07426EC}.Debug|Any CPU.Build.0 = Debug|Any CPU
		{E7BBB40D-C925-4F00-A1C2-E667D07426EC}.Release|Any CPU.ActiveCfg = Release|Any CPU
		{E7BBB40D-C925-4F00-A1C2-E667D07426EC}.Release|Any CPU.Build.0 = Release|Any CPU
	EndGlobalSection
	GlobalSection(SolutionProperties) = preSolution
		HideSolutionNode = FALSE
	EndGlobalSection
	GlobalSection(ExtensibilityGlobals) = postSolution
		SolutionGuid = {1C334A04-3622-41B7-8B5C-8B1649350271}
	EndGlobalSection
EndGlobal
