
Microsoft Visual Studio Solution File, Format Version 12.00
# Visual Studio 15
VisualStudioVersion = 15.0.27130.2020
MinimumVisualStudioVersion = 10.0.40219.1
Project("{FAE04EC0-301F-11D3-BF4B-00C04F79EFBC}") = "LoginAuthorization", "LoginAuthorization\LoginAuthorization.csproj", "{A33D27BB-5349-4204-99A9-215C16F7A766}"
EndProject
Global
	GlobalSection(SolutionConfigurationPlatforms) = preSolution
		Debug|Any CPU = Debug|Any CPU
		Release|Any CPU = Release|Any CPU
	EndGlobalSection
	GlobalSection(ProjectConfigurationPlatforms) = postSolution
		{A33D27BB-5349-4204-99A9-215C16F7A766}.Debug|Any CPU.ActiveCfg = Debug|Any CPU
		{A33D27BB-5349-4204-99A9-215C16F7A766}.Debug|Any CPU.Build.0 = Debug|Any CPU
		{A33D27BB-5349-4204-99A9-215C16F7A766}.Release|Any CPU.ActiveCfg = Release|Any CPU
		{A33D27BB-5349-4204-99A9-215C16F7A766}.Release|Any CPU.Build.0 = Release|Any CPU
	EndGlobalSection
	GlobalSection(SolutionProperties) = preSolution
		HideSolutionNode = FALSE
	EndGlobalSection
	GlobalSection(ExtensibilityGlobals) = postSolution
		SolutionGuid = {EDD2D05F-9F90-4EA8-977D-70F076EE44D5}
	EndGlobalSection
EndGlobal
